
Microsoft Visual Studio Solution File, Format Version 12.00
# Visual Studio Version 16
VisualStudioVersion = 16.0.31005.135
MinimumVisualStudioVersion = 10.0.40219.1
Project("{9A19103F-16F7-4668-BE54-9A1E7A4F7556}") = "APIHealthCheck", "APIHealthCheck.csproj", "{0E71B202-AC73-4374-9312-EE66F8FE4656}"
EndProject
Project("{FAE04EC0-301F-11D3-BF4B-00C04F79EFBC}") = "HealthCheckUI", "..\HealthCheckUI\HealthCheckUI.csproj", "{354C8DFC-2A03-44D7-A2B7-A3E8281A7A16}"
EndProject
Global
	GlobalSection(SolutionConfigurationPlatforms) = preSolution
		Debug|Any CPU = Debug|Any CPU
		Release|Any CPU = Release|Any CPU
	EndGlobalSection
	GlobalSection(ProjectConfigurationPlatforms) = postSolution
		{0E71B202-AC73-4374-9312-EE66F8FE4656}.Debug|Any CPU.ActiveCfg = Debug|Any CPU
		{0E71B202-AC73-4374-9312-EE66F8FE4656}.Debug|Any CPU.Build.0 = Debug|Any CPU
		{0E71B202-AC73-4374-9312-EE66F8FE4656}.Release|Any CPU.ActiveCfg = Release|Any CPU
		{0E71B202-AC73-4374-9312-EE66F8FE4656}.Release|Any CPU.Build.0 = Release|Any CPU
		{354C8DFC-2A03-44D7-A2B7-A3E8281A7A16}.Debug|Any CPU.ActiveCfg = Debug|Any CPU
		{354C8DFC-2A03-44D7-A2B7-A3E8281A7A16}.Debug|Any CPU.Build.0 = Debug|Any CPU
		{354C8DFC-2A03-44D7-A2B7-A3E8281A7A16}.Release|Any CPU.ActiveCfg = Release|Any CPU
		{354C8DFC-2A03-44D7-A2B7-A3E8281A7A16}.Release|Any CPU.Build.0 = Release|Any CPU
	EndGlobalSection
	GlobalSection(SolutionProperties) = preSolution
		HideSolutionNode = FALSE
	EndGlobalSection
	GlobalSection(ExtensibilityGlobals) = postSolution
		SolutionGuid = {B35803E4-3DF6-4515-9DE9-6CA29355D5BB}
	EndGlobalSection
EndGlobal
